
Microsoft Visual Studio Solution File, Format Version 12.00
# Visual Studio Version 16
VisualStudioVersion = 16.0.29613.14
MinimumVisualStudioVersion = 10.0.40219.1
Project("{FAE04EC0-301F-11D3-BF4B-00C04F79EFBC}") = "Video Store", "Video Store.csproj", "{63AE1906-9776-45EF-B6C7-B83D709F48A4}"
EndProject
Global
	GlobalSection(SolutionConfigurationPlatforms) = preSolution
		Debug|Any CPU = Debug|Any CPU
		Release|Any CPU = Release|Any CPU
	EndGlobalSection
	GlobalSection(ProjectConfigurationPlatforms) = postSolution
		{63AE1906-9776-45EF-B6C7-B83D709F48A4}.Debug|Any CPU.ActiveCfg = Debug|Any CPU
		{63AE1906-9776-45EF-B6C7-B83D709F48A4}.Debug|Any CPU.Build.0 = Debug|Any CPU
		{63AE1906-9776-45EF-B6C7-B83D709F48A4}.Release|Any CPU.ActiveCfg = Release|Any CPU
		{63AE1906-9776-45EF-B6C7-B83D709F48A4}.Release|Any CPU.Build.0 = Release|Any CPU
	EndGlobalSection
	GlobalSection(SolutionProperties) = preSolution
		HideSolutionNode = FALSE
	EndGlobalSection
	GlobalSection(ExtensibilityGlobals) = postSolution
		SolutionGuid = {F21E1930-B326-40DF-9AD4-7DB0608D5F60}
	EndGlobalSection
EndGlobal
